// !$*UTF8*$!
{
	archiveVersion = 1;
	classes = {
	};
	objectVersion = 50;
	objects = {

/* Begin PBXBuildFile section */
		0E986C9924794BC700F220F1 /* AppDelegate.swift in Sources */ = {isa = PBXBuildFile; fileRef = 0E986C9824794BC700F220F1 /* AppDelegate.swift */; };
		0E986C9D24794BC700F220F1 /* CityWeatherListViewController.swift in Sources */ = {isa = PBXBuildFile; fileRef = 0E986C9C24794BC700F220F1 /* CityWeatherListViewController.swift */; };
		0E986CA024794BC700F220F1 /* Main.storyboard in Resources */ = {isa = PBXBuildFile; fileRef = 0E986C9E24794BC700F220F1 /* Main.storyboard */; };
		0E986CA224794BC900F220F1 /* Assets.xcassets in Resources */ = {isa = PBXBuildFile; fileRef = 0E986CA124794BC900F220F1 /* Assets.xcassets */; };
		0E986CA524794BC900F220F1 /* LaunchScreen.storyboard in Resources */ = {isa = PBXBuildFile; fileRef = 0E986CA324794BC900F220F1 /* LaunchScreen.storyboard */; };
		0E986CAE24794D5900F220F1 /* Theme.swift in Sources */ = {isa = PBXBuildFile; fileRef = 0E986CAD24794D5900F220F1 /* Theme.swift */; };
		0E986CB124794D9C00F220F1 /* LocalizationKeys.swift in Sources */ = {isa = PBXBuildFile; fileRef = 0E986CB024794D9C00F220F1 /* LocalizationKeys.swift */; };
		0E986CB324794DFC00F220F1 /* SwiftyWeatherApp+LocalizationKeys.swift in Sources */ = {isa = PBXBuildFile; fileRef = 0E986CB224794DFC00F220F1 /* SwiftyWeatherApp+LocalizationKeys.swift */; };
		0E986CB524794E6D00F220F1 /* SwiftyWeatherApp.strings in Resources */ = {isa = PBXBuildFile; fileRef = 0E986CB424794E6D00F220F1 /* SwiftyWeatherApp.strings */; };
		0E986CB724794EC400F220F1 /* Accessibility+Helpers.swift in Sources */ = {isa = PBXBuildFile; fileRef = 0E986CB624794EC400F220F1 /* Accessibility+Helpers.swift */; };
		0E986CC42479519500F220F1 /* SwiftyWeatherTests.swift in Sources */ = {isa = PBXBuildFile; fileRef = 0E986CC32479519500F220F1 /* SwiftyWeatherTests.swift */; };
		0E986CCC2479524000F220F1 /* README.md in Resources */ = {isa = PBXBuildFile; fileRef = 0E986CCB2479524000F220F1 /* README.md */; };
		0E986CD12479558600F220F1 /* SkeletonView.framework in Frameworks */ = {isa = PBXBuildFile; fileRef = 0E986CD02479558600F220F1 /* SkeletonView.framework */; };
		0E986CD22479558600F220F1 /* SkeletonView.framework in Embed Frameworks */ = {isa = PBXBuildFile; fileRef = 0E986CD02479558600F220F1 /* SkeletonView.framework */; settings = {ATTRIBUTES = (CodeSignOnCopy, RemoveHeadersOnCopy, ); }; };
		0E986CD5247955A900F220F1 /* SnapKit.framework in Frameworks */ = {isa = PBXBuildFile; fileRef = 0E986CD4247955A900F220F1 /* SnapKit.framework */; };
		0E986CD6247955A900F220F1 /* SnapKit.framework in Embed Frameworks */ = {isa = PBXBuildFile; fileRef = 0E986CD4247955A900F220F1 /* SnapKit.framework */; settings = {ATTRIBUTES = (CodeSignOnCopy, RemoveHeadersOnCopy, ); }; };
		0E986CF12479F57000F220F1 /* Config.swift in Sources */ = {isa = PBXBuildFile; fileRef = 0E986CF02479F57000F220F1 /* Config.swift */; };
		0E986CF42479F57E00F220F1 /* BaseRequest.swift in Sources */ = {isa = PBXBuildFile; fileRef = 0E986CF22479F57E00F220F1 /* BaseRequest.swift */; };
		0E986CF52479F57E00F220F1 /* APIError.swift in Sources */ = {isa = PBXBuildFile; fileRef = 0E986CF32479F57E00F220F1 /* APIError.swift */; };
		0E986CF82479F58700F220F1 /* HTTPClient.swift in Sources */ = {isa = PBXBuildFile; fileRef = 0E986CF62479F58600F220F1 /* HTTPClient.swift */; };
		0E986CF92479F58700F220F1 /* FutureDataSource.swift in Sources */ = {isa = PBXBuildFile; fileRef = 0E986CF72479F58700F220F1 /* FutureDataSource.swift */; };
		0E986CFB2479F59300F220F1 /* WeatherFetchingRequest.swift in Sources */ = {isa = PBXBuildFile; fileRef = 0E986CFA2479F59300F220F1 /* WeatherFetchingRequest.swift */; };
		0E986CFD2479F59B00F220F1 /* WeatherFetchingService.swift in Sources */ = {isa = PBXBuildFile; fileRef = 0E986CFC2479F59B00F220F1 /* WeatherFetchingService.swift */; };
		0E986D03247A050F00F220F1 /* CityWeatherList.swift in Sources */ = {isa = PBXBuildFile; fileRef = 0E986D02247A050F00F220F1 /* CityWeatherList.swift */; };
		0E986D07247A5CEF00F220F1 /* WeatherInteractor.swift in Sources */ = {isa = PBXBuildFile; fileRef = 0E986D06247A5CEF00F220F1 /* WeatherInteractor.swift */; };
		0E986D0C247A6B4100F220F1 /* CityWeather.swift in Sources */ = {isa = PBXBuildFile; fileRef = 0E986D0B247A6B4100F220F1 /* CityWeather.swift */; };
		0E986D10247A9BC800F220F1 /* WeatherSummaryCell.swift in Sources */ = {isa = PBXBuildFile; fileRef = 0E986D0F247A9BC800F220F1 /* WeatherSummaryCell.swift */; };
		0E986D13247A9C0B00F220F1 /* Shadow.swift in Sources */ = {isa = PBXBuildFile; fileRef = 0E986D12247A9C0B00F220F1 /* Shadow.swift */; };
		0E986D16247AA10700F220F1 /* WeatherSummaryPresentationItem.swift in Sources */ = {isa = PBXBuildFile; fileRef = 0E986D15247AA10700F220F1 /* WeatherSummaryPresentationItem.swift */; };
/* End PBXBuildFile section */

/* Begin PBXContainerItemProxy section */
		0E986CC62479519500F220F1 /* PBXContainerItemProxy */ = {
			isa = PBXContainerItemProxy;
			containerPortal = 0E986C8D24794BC700F220F1 /* Project object */;
			proxyType = 1;
			remoteGlobalIDString = 0E986C9424794BC700F220F1;
			remoteInfo = SwiftyWeather;
		};
/* End PBXContainerItemProxy section */

/* Begin PBXCopyFilesBuildPhase section */
		0E986CD32479558600F220F1 /* Embed Frameworks */ = {
			isa = PBXCopyFilesBuildPhase;
			buildActionMask = 2147483647;
			dstPath = "";
			dstSubfolderSpec = 10;
			files = (
				0E986CD22479558600F220F1 /* SkeletonView.framework in Embed Frameworks */,
				0E986CD6247955A900F220F1 /* SnapKit.framework in Embed Frameworks */,
			);
			name = "Embed Frameworks";
			runOnlyForDeploymentPostprocessing = 0;
		};
/* End PBXCopyFilesBuildPhase section */

/* Begin PBXFileReference section */
		0E986C9524794BC700F220F1 /* SwiftyWeather.app */ = {isa = PBXFileReference; explicitFileType = wrapper.application; includeInIndex = 0; path = SwiftyWeather.app; sourceTree = BUILT_PRODUCTS_DIR; };
		0E986C9824794BC700F220F1 /* AppDelegate.swift */ = {isa = PBXFileReference; lastKnownFileType = sourcecode.swift; path = AppDelegate.swift; sourceTree = "<group>"; };
		0E986C9C24794BC700F220F1 /* CityWeatherListViewController.swift */ = {isa = PBXFileReference; lastKnownFileType = sourcecode.swift; path = CityWeatherListViewController.swift; sourceTree = "<group>"; };
		0E986C9F24794BC700F220F1 /* Base */ = {isa = PBXFileReference; lastKnownFileType = file.storyboard; name = Base; path = Base.lproj/Main.storyboard; sourceTree = "<group>"; };
		0E986CA124794BC900F220F1 /* Assets.xcassets */ = {isa = PBXFileReference; lastKnownFileType = folder.assetcatalog; path = Assets.xcassets; sourceTree = "<group>"; };
		0E986CA424794BC900F220F1 /* Base */ = {isa = PBXFileReference; lastKnownFileType = file.storyboard; name = Base; path = Base.lproj/LaunchScreen.storyboard; sourceTree = "<group>"; };
		0E986CA624794BC900F220F1 /* Info.plist */ = {isa = PBXFileReference; lastKnownFileType = text.plist.xml; path = Info.plist; sourceTree = "<group>"; };
		0E986CAD24794D5900F220F1 /* Theme.swift */ = {isa = PBXFileReference; lastKnownFileType = sourcecode.swift; path = Theme.swift; sourceTree = "<group>"; };
		0E986CB024794D9C00F220F1 /* LocalizationKeys.swift */ = {isa = PBXFileReference; lastKnownFileType = sourcecode.swift; path = LocalizationKeys.swift; sourceTree = "<group>"; };
		0E986CB224794DFC00F220F1 /* SwiftyWeatherApp+LocalizationKeys.swift */ = {isa = PBXFileReference; lastKnownFileType = sourcecode.swift; path = "SwiftyWeatherApp+LocalizationKeys.swift"; sourceTree = "<group>"; };
		0E986CB424794E6D00F220F1 /* SwiftyWeatherApp.strings */ = {isa = PBXFileReference; lastKnownFileType = text.plist.strings; path = SwiftyWeatherApp.strings; sourceTree = "<group>"; };
		0E986CB624794EC400F220F1 /* Accessibility+Helpers.swift */ = {isa = PBXFileReference; lastKnownFileType = sourcecode.swift; path = "Accessibility+Helpers.swift"; sourceTree = "<group>"; };
		0E986CC12479519500F220F1 /* SwiftyWeatherTests.xctest */ = {isa = PBXFileReference; explicitFileType = wrapper.cfbundle; includeInIndex = 0; path = SwiftyWeatherTests.xctest; sourceTree = BUILT_PRODUCTS_DIR; };
		0E986CC32479519500F220F1 /* SwiftyWeatherTests.swift */ = {isa = PBXFileReference; lastKnownFileType = sourcecode.swift; path = SwiftyWeatherTests.swift; sourceTree = "<group>"; };
		0E986CC52479519500F220F1 /* Info.plist */ = {isa = PBXFileReference; lastKnownFileType = text.plist.xml; path = Info.plist; sourceTree = "<group>"; };
		0E986CCB2479524000F220F1 /* README.md */ = {isa = PBXFileReference; lastKnownFileType = net.daringfireball.markdown; path = README.md; sourceTree = "<group>"; };
		0E986CD02479558600F220F1 /* SkeletonView.framework */ = {isa = PBXFileReference; lastKnownFileType = wrapper.framework; name = SkeletonView.framework; path = Carthage/Build/iOS/SkeletonView.framework; sourceTree = "<group>"; };
		0E986CD4247955A900F220F1 /* SnapKit.framework */ = {isa = PBXFileReference; lastKnownFileType = wrapper.framework; name = SnapKit.framework; path = Carthage/Build/iOS/SnapKit.framework; sourceTree = "<group>"; };
		0E986CF02479F57000F220F1 /* Config.swift */ = {isa = PBXFileReference; fileEncoding = 4; lastKnownFileType = sourcecode.swift; path = Config.swift; sourceTree = "<group>"; };
		0E986CF22479F57E00F220F1 /* BaseRequest.swift */ = {isa = PBXFileReference; fileEncoding = 4; lastKnownFileType = sourcecode.swift; path = BaseRequest.swift; sourceTree = "<group>"; };
		0E986CF32479F57E00F220F1 /* APIError.swift */ = {isa = PBXFileReference; fileEncoding = 4; lastKnownFileType = sourcecode.swift; path = APIError.swift; sourceTree = "<group>"; };
		0E986CF62479F58600F220F1 /* HTTPClient.swift */ = {isa = PBXFileReference; fileEncoding = 4; lastKnownFileType = sourcecode.swift; path = HTTPClient.swift; sourceTree = "<group>"; };
		0E986CF72479F58700F220F1 /* FutureDataSource.swift */ = {isa = PBXFileReference; fileEncoding = 4; lastKnownFileType = sourcecode.swift; path = FutureDataSource.swift; sourceTree = "<group>"; };
		0E986CFA2479F59300F220F1 /* WeatherFetchingRequest.swift */ = {isa = PBXFileReference; fileEncoding = 4; lastKnownFileType = sourcecode.swift; path = WeatherFetchingRequest.swift; sourceTree = "<group>"; };
		0E986CFC2479F59B00F220F1 /* WeatherFetchingService.swift */ = {isa = PBXFileReference; fileEncoding = 4; lastKnownFileType = sourcecode.swift; path = WeatherFetchingService.swift; sourceTree = "<group>"; };
		0E986D02247A050F00F220F1 /* CityWeatherList.swift */ = {isa = PBXFileReference; lastKnownFileType = sourcecode.swift; path = CityWeatherList.swift; sourceTree = "<group>"; };
		0E986D06247A5CEF00F220F1 /* WeatherInteractor.swift */ = {isa = PBXFileReference; lastKnownFileType = sourcecode.swift; path = WeatherInteractor.swift; sourceTree = "<group>"; };
		0E986D0B247A6B4100F220F1 /* CityWeather.swift */ = {isa = PBXFileReference; lastKnownFileType = sourcecode.swift; path = CityWeather.swift; sourceTree = "<group>"; };
		0E986D0F247A9BC800F220F1 /* WeatherSummaryCell.swift */ = {isa = PBXFileReference; lastKnownFileType = sourcecode.swift; path = WeatherSummaryCell.swift; sourceTree = "<group>"; };
		0E986D12247A9C0B00F220F1 /* Shadow.swift */ = {isa = PBXFileReference; lastKnownFileType = sourcecode.swift; path = Shadow.swift; sourceTree = "<group>"; };
		0E986D15247AA10700F220F1 /* WeatherSummaryPresentationItem.swift */ = {isa = PBXFileReference; lastKnownFileType = sourcecode.swift; path = WeatherSummaryPresentationItem.swift; sourceTree = "<group>"; };
/* End PBXFileReference section */

/* Begin PBXFrameworksBuildPhase section */
		0E986C9224794BC700F220F1 /* Frameworks */ = {
			isa = PBXFrameworksBuildPhase;
			buildActionMask = 2147483647;
			files = (
				0E986CD12479558600F220F1 /* SkeletonView.framework in Frameworks */,
				0E986CD5247955A900F220F1 /* SnapKit.framework in Frameworks */,
			);
			runOnlyForDeploymentPostprocessing = 0;
		};
		0E986CBE2479519500F220F1 /* Frameworks */ = {
			isa = PBXFrameworksBuildPhase;
			buildActionMask = 2147483647;
			files = (
			);
			runOnlyForDeploymentPostprocessing = 0;
		};
/* End PBXFrameworksBuildPhase section */

/* Begin PBXGroup section */
		0E986C8C24794BC700F220F1 = {
			isa = PBXGroup;
			children = (
				0E986CCB2479524000F220F1 /* README.md */,
				0E986C9724794BC700F220F1 /* SwiftyWeather */,
				0E986CC22479519500F220F1 /* SwiftyWeatherTests */,
				0E986C9624794BC700F220F1 /* Products */,
				0E986CCF2479558600F220F1 /* Frameworks */,
			);
			sourceTree = "<group>";
		};
		0E986C9624794BC700F220F1 /* Products */ = {
			isa = PBXGroup;
			children = (
				0E986C9524794BC700F220F1 /* SwiftyWeather.app */,
				0E986CC12479519500F220F1 /* SwiftyWeatherTests.xctest */,
			);
			name = Products;
			sourceTree = "<group>";
		};
		0E986C9724794BC700F220F1 /* SwiftyWeather */ = {
			isa = PBXGroup;
			children = (
				0E986CBA24794F1F00F220F1 /* PresentationLayer */,
				0E986D05247A5CA500F220F1 /* DomainLayer */,
				0E986CEF2479F54100F220F1 /* NetworkLayer */,
				0E986CA624794BC900F220F1 /* Info.plist */,
			);
			path = SwiftyWeather;
			sourceTree = "<group>";
		};
		0E986CAC24794D4400F220F1 /* Theme */ = {
			isa = PBXGroup;
			children = (
				0E986CAD24794D5900F220F1 /* Theme.swift */,
			);
			path = Theme;
			sourceTree = "<group>";
		};
		0E986CAF24794D7D00F220F1 /* Localization */ = {
			isa = PBXGroup;
			children = (
				0E986CB024794D9C00F220F1 /* LocalizationKeys.swift */,
				0E986CB224794DFC00F220F1 /* SwiftyWeatherApp+LocalizationKeys.swift */,
				0E986CB424794E6D00F220F1 /* SwiftyWeatherApp.strings */,
			);
			path = Localization;
			sourceTree = "<group>";
		};
		0E986CB824794EEF00F220F1 /* Accessibility */ = {
			isa = PBXGroup;
			children = (
				0E986CB624794EC400F220F1 /* Accessibility+Helpers.swift */,
			);
			path = Accessibility;
			sourceTree = "<group>";
		};
		0E986CB924794F0100F220F1 /* Shared */ = {
			isa = PBXGroup;
			children = (
				0E986D11247A9BFD00F220F1 /* UI */,
				0E986CAC24794D4400F220F1 /* Theme */,
				0E986CAF24794D7D00F220F1 /* Localization */,
				0E986CB824794EEF00F220F1 /* Accessibility */,
			);
			path = Shared;
			sourceTree = "<group>";
		};
		0E986CBA24794F1F00F220F1 /* PresentationLayer */ = {
			isa = PBXGroup;
			children = (
				0E986CA324794BC900F220F1 /* LaunchScreen.storyboard */,
				0E986CA124794BC900F220F1 /* Assets.xcassets */,
				0E986CBB24794F3300F220F1 /* Scenes */,
				0E986CB924794F0100F220F1 /* Shared */,
			);
			path = PresentationLayer;
			sourceTree = "<group>";
		};
		0E986CBB24794F3300F220F1 /* Scenes */ = {
			isa = PBXGroup;
			children = (
				0E986CBC24794F3900F220F1 /* Root */,
			);
			path = Scenes;
			sourceTree = "<group>";
		};
		0E986CBC24794F3900F220F1 /* Root */ = {
			isa = PBXGroup;
			children = (
				0E986C9E24794BC700F220F1 /* Main.storyboard */,
				0E986D0D247A996E00F220F1 /* CityWeatherList */,
				0E986C9824794BC700F220F1 /* AppDelegate.swift */,
			);
			path = Root;
			sourceTree = "<group>";
		};
		0E986CC22479519500F220F1 /* SwiftyWeatherTests */ = {
			isa = PBXGroup;
			children = (
				0E986CC32479519500F220F1 /* SwiftyWeatherTests.swift */,
				0E986CC52479519500F220F1 /* Info.plist */,
			);
			path = SwiftyWeatherTests;
			sourceTree = "<group>";
		};
		0E986CCF2479558600F220F1 /* Frameworks */ = {
			isa = PBXGroup;
			children = (
				0E986CD4247955A900F220F1 /* SnapKit.framework */,
				0E986CD02479558600F220F1 /* SkeletonView.framework */,
			);
			name = Frameworks;
			sourceTree = "<group>";
		};
		0E986CEF2479F54100F220F1 /* NetworkLayer */ = {
			isa = PBXGroup;
			children = (
				0E986D002479F5B600F220F1 /* Core */,
				0E986CFE2479F59F00F220F1 /* Services */,
			);
			path = NetworkLayer;
			sourceTree = "<group>";
		};
		0E986CFE2479F59F00F220F1 /* Services */ = {
			isa = PBXGroup;
			children = (
				0E986CFF2479F5A700F220F1 /* WeatherFetching */,
			);
			path = Services;
			sourceTree = "<group>";
		};
		0E986CFF2479F5A700F220F1 /* WeatherFetching */ = {
			isa = PBXGroup;
			children = (
				0E986D04247A102400F220F1 /* Models */,
				0E986CFC2479F59B00F220F1 /* WeatherFetchingService.swift */,
				0E986CFA2479F59300F220F1 /* WeatherFetchingRequest.swift */,
			);
			path = WeatherFetching;
			sourceTree = "<group>";
		};
		0E986D002479F5B600F220F1 /* Core */ = {
			isa = PBXGroup;
			children = (
				0E986D012479F5C700F220F1 /* APIClient */,
				0E986CF32479F57E00F220F1 /* APIError.swift */,
				0E986CF22479F57E00F220F1 /* BaseRequest.swift */,
				0E986CF02479F57000F220F1 /* Config.swift */,
			);
			path = Core;
			sourceTree = "<group>";
		};
		0E986D012479F5C700F220F1 /* APIClient */ = {
			isa = PBXGroup;
			children = (
				0E986CF62479F58600F220F1 /* HTTPClient.swift */,
				0E986CF72479F58700F220F1 /* FutureDataSource.swift */,
			);
			path = APIClient;
			sourceTree = "<group>";
		};
		0E986D04247A102400F220F1 /* Models */ = {
			isa = PBXGroup;
			children = (
				0E986D02247A050F00F220F1 /* CityWeatherList.swift */,
			);
			path = Models;
			sourceTree = "<group>";
		};
		0E986D05247A5CA500F220F1 /* DomainLayer */ = {
			isa = PBXGroup;
			children = (
				0E986D0A247A699B00F220F1 /* Models */,
				0E986D06247A5CEF00F220F1 /* WeatherInteractor.swift */,
			);
			path = DomainLayer;
			sourceTree = "<group>";
		};
		0E986D0A247A699B00F220F1 /* Models */ = {
			isa = PBXGroup;
			children = (
				0E986D0B247A6B4100F220F1 /* CityWeather.swift */,
			);
			path = Models;
			sourceTree = "<group>";
		};
		0E986D0D247A996E00F220F1 /* CityWeatherList */ = {
			isa = PBXGroup;
			children = (
				0E986D14247AA0EB00F220F1 /* PresentationItem */,
				0E986D0E247A9BA800F220F1 /* UIComponents */,
				0E986C9C24794BC700F220F1 /* CityWeatherListViewController.swift */,
			);
			path = CityWeatherList;
			sourceTree = "<group>";
		};
		0E986D0E247A9BA800F220F1 /* UIComponents */ = {
			isa = PBXGroup;
			children = (
				0E986D0F247A9BC800F220F1 /* WeatherSummaryCell.swift */,
			);
			path = UIComponents;
			sourceTree = "<group>";
		};
		0E986D11247A9BFD00F220F1 /* UI */ = {
			isa = PBXGroup;
			children = (
				0E986D12247A9C0B00F220F1 /* Shadow.swift */,
			);
			path = UI;
			sourceTree = "<group>";
		};
		0E986D14247AA0EB00F220F1 /* PresentationItem */ = {
			isa = PBXGroup;
			children = (
				0E986D15247AA10700F220F1 /* WeatherSummaryPresentationItem.swift */,
			);
			path = PresentationItem;
			sourceTree = "<group>";
		};
/* End PBXGroup section */

/* Begin PBXNativeTarget section */
		0E986C9424794BC700F220F1 /* SwiftyWeather */ = {
			isa = PBXNativeTarget;
			buildConfigurationList = 0E986CA924794BC900F220F1 /* Build configuration list for PBXNativeTarget "SwiftyWeather" */;
			buildPhases = (
				0E986C9124794BC700F220F1 /* Sources */,
				0E986C9224794BC700F220F1 /* Frameworks */,
				0E986C9324794BC700F220F1 /* Resources */,
				0E986CCE2479542800F220F1 /* Carthage Copy Frameworks */,
				0E986CD32479558600F220F1 /* Embed Frameworks */,
			);
			buildRules = (
			);
			dependencies = (
			);
			name = SwiftyWeather;
			productName = SwiftyWeather;
			productReference = 0E986C9524794BC700F220F1 /* SwiftyWeather.app */;
			productType = "com.apple.product-type.application";
		};
		0E986CC02479519500F220F1 /* SwiftyWeatherTests */ = {
			isa = PBXNativeTarget;
			buildConfigurationList = 0E986CC82479519500F220F1 /* Build configuration list for PBXNativeTarget "SwiftyWeatherTests" */;
			buildPhases = (
				0E986CBD2479519500F220F1 /* Sources */,
				0E986CBE2479519500F220F1 /* Frameworks */,
				0E986CBF2479519500F220F1 /* Resources */,
				0E986CCD247953A500F220F1 /* Carthage Copy Frameworks */,
			);
			buildRules = (
			);
			dependencies = (
				0E986CC72479519500F220F1 /* PBXTargetDependency */,
			);
			name = SwiftyWeatherTests;
			productName = SwiftyWeatherTests;
			productReference = 0E986CC12479519500F220F1 /* SwiftyWeatherTests.xctest */;
			productType = "com.apple.product-type.bundle.unit-test";
		};
/* End PBXNativeTarget section */

/* Begin PBXProject section */
		0E986C8D24794BC700F220F1 /* Project object */ = {
			isa = PBXProject;
			attributes = {
				LastSwiftUpdateCheck = 1140;
				LastUpgradeCheck = 1140;
				ORGANIZATIONNAME = "Arinjoy Biswas";
				TargetAttributes = {
					0E986C9424794BC700F220F1 = {
						CreatedOnToolsVersion = 11.4;
					};
					0E986CC02479519500F220F1 = {
						CreatedOnToolsVersion = 11.4;
						TestTargetID = 0E986C9424794BC700F220F1;
					};
				};
			};
			buildConfigurationList = 0E986C9024794BC700F220F1 /* Build configuration list for PBXProject "SwiftyWeather" */;
			compatibilityVersion = "Xcode 9.3";
			developmentRegion = en;
			hasScannedForEncodings = 0;
			knownRegions = (
				en,
				Base,
			);
			mainGroup = 0E986C8C24794BC700F220F1;
			productRefGroup = 0E986C9624794BC700F220F1 /* Products */;
			projectDirPath = "";
			projectRoot = "";
			targets = (
				0E986C9424794BC700F220F1 /* SwiftyWeather */,
				0E986CC02479519500F220F1 /* SwiftyWeatherTests */,
			);
		};
/* End PBXProject section */

/* Begin PBXResourcesBuildPhase section */
		0E986C9324794BC700F220F1 /* Resources */ = {
			isa = PBXResourcesBuildPhase;
			buildActionMask = 2147483647;
			files = (
				0E986CA524794BC900F220F1 /* LaunchScreen.storyboard in Resources */,
				0E986CA224794BC900F220F1 /* Assets.xcassets in Resources */,
				0E986CCC2479524000F220F1 /* README.md in Resources */,
				0E986CA024794BC700F220F1 /* Main.storyboard in Resources */,
				0E986CB524794E6D00F220F1 /* SwiftyWeatherApp.strings in Resources */,
			);
			runOnlyForDeploymentPostprocessing = 0;
		};
		0E986CBF2479519500F220F1 /* Resources */ = {
			isa = PBXResourcesBuildPhase;
			buildActionMask = 2147483647;
			files = (
			);
			runOnlyForDeploymentPostprocessing = 0;
		};
/* End PBXResourcesBuildPhase section */

/* Begin PBXShellScriptBuildPhase section */
		0E986CCD247953A500F220F1 /* Carthage Copy Frameworks */ = {
			isa = PBXShellScriptBuildPhase;
			buildActionMask = 2147483647;
			files = (
			);
			inputFileListPaths = (
			);
			inputPaths = (
				"$(SRCROOT)/Carthage/Build/iOS/Quick.framework",
				"$(SRCROOT)/Carthage/Build/iOS/Nimble.framework",
			);
			name = "Carthage Copy Frameworks";
			outputFileListPaths = (
			);
			outputPaths = (
			);
			runOnlyForDeploymentPostprocessing = 0;
			shellPath = /bin/sh;
			shellScript = "# Type a script or drag a script file from your workspace to insert its path.\n";
		};
		0E986CCE2479542800F220F1 /* Carthage Copy Frameworks */ = {
			isa = PBXShellScriptBuildPhase;
			buildActionMask = 2147483647;
			files = (
			);
			inputFileListPaths = (
			);
			inputPaths = (
				"$(SRCROOT)/Carthage/Build/iOS/SnapKit.framework",
				"$(SRCROOT)/Carthage/Build/iOS/SkeletonView.framework",
			);
			name = "Carthage Copy Frameworks";
			outputFileListPaths = (
			);
			outputPaths = (
			);
			runOnlyForDeploymentPostprocessing = 0;
			shellPath = /bin/sh;
			shellScript = "# Type a script or drag a script file from your workspace to insert its path.\n";
		};
/* End PBXShellScriptBuildPhase section */

/* Begin PBXSourcesBuildPhase section */
		0E986C9124794BC700F220F1 /* Sources */ = {
			isa = PBXSourcesBuildPhase;
			buildActionMask = 2147483647;
			files = (
				0E986CFD2479F59B00F220F1 /* WeatherFetchingService.swift in Sources */,
				0E986CF42479F57E00F220F1 /* BaseRequest.swift in Sources */,
				0E986D10247A9BC800F220F1 /* WeatherSummaryCell.swift in Sources */,
				0E986D16247AA10700F220F1 /* WeatherSummaryPresentationItem.swift in Sources */,
				0E986CB724794EC400F220F1 /* Accessibility+Helpers.swift in Sources */,
				0E986CAE24794D5900F220F1 /* Theme.swift in Sources */,
				0E986C9D24794BC700F220F1 /* CityWeatherListViewController.swift in Sources */,
				0E986D0C247A6B4100F220F1 /* CityWeather.swift in Sources */,
				0E986CF12479F57000F220F1 /* Config.swift in Sources */,
				0E986CB124794D9C00F220F1 /* LocalizationKeys.swift in Sources */,
				0E986D13247A9C0B00F220F1 /* Shadow.swift in Sources */,
				0E986D03247A050F00F220F1 /* CityWeatherList.swift in Sources */,
				0E986CF82479F58700F220F1 /* HTTPClient.swift in Sources */,
				0E986CB324794DFC00F220F1 /* SwiftyWeatherApp+LocalizationKeys.swift in Sources */,
				0E986D07247A5CEF00F220F1 /* WeatherInteractor.swift in Sources */,
				0E986CFB2479F59300F220F1 /* WeatherFetchingRequest.swift in Sources */,
				0E986C9924794BC700F220F1 /* AppDelegate.swift in Sources */,
				0E986CF92479F58700F220F1 /* FutureDataSource.swift in Sources */,
				0E986CF52479F57E00F220F1 /* APIError.swift in Sources */,
			);
			runOnlyForDeploymentPostprocessing = 0;
		};
		0E986CBD2479519500F220F1 /* Sources */ = {
			isa = PBXSourcesBuildPhase;
			buildActionMask = 2147483647;
			files = (
				0E986CC42479519500F220F1 /* SwiftyWeatherTests.swift in Sources */,
			);
			runOnlyForDeploymentPostprocessing = 0;
		};
/* End PBXSourcesBuildPhase section */

/* Begin PBXTargetDependency section */
		0E986CC72479519500F220F1 /* PBXTargetDependency */ = {
			isa = PBXTargetDependency;
			target = 0E986C9424794BC700F220F1 /* SwiftyWeather */;
			targetProxy = 0E986CC62479519500F220F1 /* PBXContainerItemProxy */;
		};
/* End PBXTargetDependency section */

/* Begin PBXVariantGroup section */
		0E986C9E24794BC700F220F1 /* Main.storyboard */ = {
			isa = PBXVariantGroup;
			children = (
				0E986C9F24794BC700F220F1 /* Base */,
			);
			name = Main.storyboard;
			sourceTree = "<group>";
		};
		0E986CA324794BC900F220F1 /* LaunchScreen.storyboard */ = {
			isa = PBXVariantGroup;
			children = (
				0E986CA424794BC900F220F1 /* Base */,
			);
			name = LaunchScreen.storyboard;
			sourceTree = "<group>";
		};
/* End PBXVariantGroup section */

/* Begin XCBuildConfiguration section */
		0E986CA724794BC900F220F1 /* Debug */ = {
			isa = XCBuildConfiguration;
			buildSettings = {
				ALWAYS_SEARCH_USER_PATHS = NO;
				CLANG_ANALYZER_NONNULL = YES;
				CLANG_ANALYZER_NUMBER_OBJECT_CONVERSION = YES_AGGRESSIVE;
				CLANG_CXX_LANGUAGE_STANDARD = "gnu++14";
				CLANG_CXX_LIBRARY = "libc++";
				CLANG_ENABLE_MODULES = YES;
				CLANG_ENABLE_OBJC_ARC = YES;
				CLANG_ENABLE_OBJC_WEAK = YES;
				CLANG_WARN_BLOCK_CAPTURE_AUTORELEASING = YES;
				CLANG_WARN_BOOL_CONVERSION = YES;
				CLANG_WARN_COMMA = YES;
				CLANG_WARN_CONSTANT_CONVERSION = YES;
				CLANG_WARN_DEPRECATED_OBJC_IMPLEMENTATIONS = YES;
				CLANG_WARN_DIRECT_OBJC_ISA_USAGE = YES_ERROR;
				CLANG_WARN_DOCUMENTATION_COMMENTS = YES;
				CLANG_WARN_EMPTY_BODY = YES;
				CLANG_WARN_ENUM_CONVERSION = YES;
				CLANG_WARN_INFINITE_RECURSION = YES;
				CLANG_WARN_INT_CONVERSION = YES;
				CLANG_WARN_NON_LITERAL_NULL_CONVERSION = YES;
				CLANG_WARN_OBJC_IMPLICIT_RETAIN_SELF = YES;
				CLANG_WARN_OBJC_LITERAL_CONVERSION = YES;
				CLANG_WARN_OBJC_ROOT_CLASS = YES_ERROR;
				CLANG_WARN_RANGE_LOOP_ANALYSIS = YES;
				CLANG_WARN_STRICT_PROTOTYPES = YES;
				CLANG_WARN_SUSPICIOUS_MOVE = YES;
				CLANG_WARN_UNGUARDED_AVAILABILITY = YES_AGGRESSIVE;
				CLANG_WARN_UNREACHABLE_CODE = YES;
				CLANG_WARN__DUPLICATE_METHOD_MATCH = YES;
				COPY_PHASE_STRIP = NO;
				DEBUG_INFORMATION_FORMAT = dwarf;
				ENABLE_STRICT_OBJC_MSGSEND = YES;
				ENABLE_TESTABILITY = YES;
				GCC_C_LANGUAGE_STANDARD = gnu11;
				GCC_DYNAMIC_NO_PIC = NO;
				GCC_NO_COMMON_BLOCKS = YES;
				GCC_OPTIMIZATION_LEVEL = 0;
				GCC_PREPROCESSOR_DEFINITIONS = (
					"DEBUG=1",
					"$(inherited)",
				);
				GCC_WARN_64_TO_32_BIT_CONVERSION = YES;
				GCC_WARN_ABOUT_RETURN_TYPE = YES_ERROR;
				GCC_WARN_UNDECLARED_SELECTOR = YES;
				GCC_WARN_UNINITIALIZED_AUTOS = YES_AGGRESSIVE;
				GCC_WARN_UNUSED_FUNCTION = YES;
				GCC_WARN_UNUSED_VARIABLE = YES;
				IPHONEOS_DEPLOYMENT_TARGET = 13.4;
				MTL_ENABLE_DEBUG_INFO = INCLUDE_SOURCE;
				MTL_FAST_MATH = YES;
				ONLY_ACTIVE_ARCH = YES;
				SDKROOT = iphoneos;
				SWIFT_ACTIVE_COMPILATION_CONDITIONS = DEBUG;
				SWIFT_OPTIMIZATION_LEVEL = "-Onone";
			};
			name = Debug;
		};
		0E986CA824794BC900F220F1 /* Release */ = {
			isa = XCBuildConfiguration;
			buildSettings = {
				ALWAYS_SEARCH_USER_PATHS = NO;
				CLANG_ANALYZER_NONNULL = YES;
				CLANG_ANALYZER_NUMBER_OBJECT_CONVERSION = YES_AGGRESSIVE;
				CLANG_CXX_LANGUAGE_STANDARD = "gnu++14";
				CLANG_CXX_LIBRARY = "libc++";
				CLANG_ENABLE_MODULES = YES;
				CLANG_ENABLE_OBJC_ARC = YES;
				CLANG_ENABLE_OBJC_WEAK = YES;
				CLANG_WARN_BLOCK_CAPTURE_AUTORELEASING = YES;
				CLANG_WARN_BOOL_CONVERSION = YES;
				CLANG_WARN_COMMA = YES;
				CLANG_WARN_CONSTANT_CONVERSION = YES;
				CLANG_WARN_DEPRECATED_OBJC_IMPLEMENTATIONS = YES;
				CLANG_WARN_DIRECT_OBJC_ISA_USAGE = YES_ERROR;
				CLANG_WARN_DOCUMENTATION_COMMENTS = YES;
				CLANG_WARN_EMPTY_BODY = YES;
				CLANG_WARN_ENUM_CONVERSION = YES;
				CLANG_WARN_INFINITE_RECURSION = YES;
				CLANG_WARN_INT_CONVERSION = YES;
				CLANG_WARN_NON_LITERAL_NULL_CONVERSION = YES;
				CLANG_WARN_OBJC_IMPLICIT_RETAIN_SELF = YES;
				CLANG_WARN_OBJC_LITERAL_CONVERSION = YES;
				CLANG_WARN_OBJC_ROOT_CLASS = YES_ERROR;
				CLANG_WARN_RANGE_LOOP_ANALYSIS = YES;
				CLANG_WARN_STRICT_PROTOTYPES = YES;
				CLANG_WARN_SUSPICIOUS_MOVE = YES;
				CLANG_WARN_UNGUARDED_AVAILABILITY = YES_AGGRESSIVE;
				CLANG_WARN_UNREACHABLE_CODE = YES;
				CLANG_WARN__DUPLICATE_METHOD_MATCH = YES;
				COPY_PHASE_STRIP = NO;
				DEBUG_INFORMATION_FORMAT = "dwarf-with-dsym";
				ENABLE_NS_ASSERTIONS = NO;
				ENABLE_STRICT_OBJC_MSGSEND = YES;
				GCC_C_LANGUAGE_STANDARD = gnu11;
				GCC_NO_COMMON_BLOCKS = YES;
				GCC_WARN_64_TO_32_BIT_CONVERSION = YES;
				GCC_WARN_ABOUT_RETURN_TYPE = YES_ERROR;
				GCC_WARN_UNDECLARED_SELECTOR = YES;
				GCC_WARN_UNINITIALIZED_AUTOS = YES_AGGRESSIVE;
				GCC_WARN_UNUSED_FUNCTION = YES;
				GCC_WARN_UNUSED_VARIABLE = YES;
				IPHONEOS_DEPLOYMENT_TARGET = 13.4;
				MTL_ENABLE_DEBUG_INFO = NO;
				MTL_FAST_MATH = YES;
				SDKROOT = iphoneos;
				SWIFT_COMPILATION_MODE = wholemodule;
				SWIFT_OPTIMIZATION_LEVEL = "-O";
				VALIDATE_PRODUCT = YES;
			};
			name = Release;
		};
		0E986CAA24794BC900F220F1 /* Debug */ = {
			isa = XCBuildConfiguration;
			buildSettings = {
				ASSETCATALOG_COMPILER_APPICON_NAME = AppIcon;
				CODE_SIGN_STYLE = Automatic;
				DEVELOPMENT_TEAM = 9D2CDZVV47;
				FRAMEWORK_SEARCH_PATHS = (
					"$(inherited)",
					"$(PROJECT_DIR)/Carthage/Build/iOS",
				);
				INFOPLIST_FILE = SwiftyWeather/Info.plist;
				LD_RUNPATH_SEARCH_PATHS = (
					"$(inherited)",
					"@executable_path/Frameworks",
				);
				PRODUCT_BUNDLE_IDENTIFIER = com.app.arinappy.SwiftyWeather;
				PRODUCT_NAME = "$(TARGET_NAME)";
				SWIFT_VERSION = 5.0;
				TARGETED_DEVICE_FAMILY = "1,2";
			};
			name = Debug;
		};
		0E986CAB24794BC900F220F1 /* Release */ = {
			isa = XCBuildConfiguration;
			buildSettings = {
				ASSETCATALOG_COMPILER_APPICON_NAME = AppIcon;
				CODE_SIGN_STYLE = Automatic;
				DEVELOPMENT_TEAM = 9D2CDZVV47;
				FRAMEWORK_SEARCH_PATHS = (
					"$(inherited)",
					"$(PROJECT_DIR)/Carthage/Build/iOS",
				);
				INFOPLIST_FILE = SwiftyWeather/Info.plist;
				LD_RUNPATH_SEARCH_PATHS = (
					"$(inherited)",
					"@executable_path/Frameworks",
				);
				PRODUCT_BUNDLE_IDENTIFIER = com.app.arinappy.SwiftyWeather;
				PRODUCT_NAME = "$(TARGET_NAME)";
				SWIFT_VERSION = 5.0;
				TARGETED_DEVICE_FAMILY = "1,2";
			};
			name = Release;
		};
		0E986CC92479519500F220F1 /* Debug */ = {
			isa = XCBuildConfiguration;
			buildSettings = {
				BUNDLE_LOADER = "$(TEST_HOST)";
				CODE_SIGN_STYLE = Automatic;
				DEVELOPMENT_TEAM = 9D2CDZVV47;
				INFOPLIST_FILE = SwiftyWeatherTests/Info.plist;
				LD_RUNPATH_SEARCH_PATHS = (
					"$(inherited)",
					"@executable_path/Frameworks",
					"@loader_path/Frameworks",
				);
				PRODUCT_BUNDLE_IDENTIFIER = com.app.arinappy.SwiftyWeatherTests;
				PRODUCT_NAME = "$(TARGET_NAME)";
				SWIFT_VERSION = 5.0;
				TARGETED_DEVICE_FAMILY = "1,2";
				TEST_HOST = "$(BUILT_PRODUCTS_DIR)/SwiftyWeather.app/SwiftyWeather";
			};
			name = Debug;
		};
		0E986CCA2479519500F220F1 /* Release */ = {
			isa = XCBuildConfiguration;
			buildSettings = {
				BUNDLE_LOADER = "$(TEST_HOST)";
				CODE_SIGN_STYLE = Automatic;
				DEVELOPMENT_TEAM = 9D2CDZVV47;
				INFOPLIST_FILE = SwiftyWeatherTests/Info.plist;
				LD_RUNPATH_SEARCH_PATHS = (
					"$(inherited)",
					"@executable_path/Frameworks",
					"@loader_path/Frameworks",
				);
				PRODUCT_BUNDLE_IDENTIFIER = com.app.arinappy.SwiftyWeatherTests;
				PRODUCT_NAME = "$(TARGET_NAME)";
				SWIFT_VERSION = 5.0;
				TARGETED_DEVICE_FAMILY = "1,2";
				TEST_HOST = "$(BUILT_PRODUCTS_DIR)/SwiftyWeather.app/SwiftyWeather";
			};
			name = Release;
		};
/* End XCBuildConfiguration section */

/* Begin XCConfigurationList section */
		0E986C9024794BC700F220F1 /* Build configuration list for PBXProject "SwiftyWeather" */ = {
			isa = XCConfigurationList;
			buildConfigurations = (
				0E986CA724794BC900F220F1 /* Debug */,
				0E986CA824794BC900F220F1 /* Release */,
			);
			defaultConfigurationIsVisible = 0;
			defaultConfigurationName = Release;
		};
		0E986CA924794BC900F220F1 /* Build configuration list for PBXNativeTarget "SwiftyWeather" */ = {
			isa = XCConfigurationList;
			buildConfigurations = (
				0E986CAA24794BC900F220F1 /* Debug */,
				0E986CAB24794BC900F220F1 /* Release */,
			);
			defaultConfigurationIsVisible = 0;
			defaultConfigurationName = Release;
		};
		0E986CC82479519500F220F1 /* Build configuration list for PBXNativeTarget "SwiftyWeatherTests" */ = {
			isa = XCConfigurationList;
			buildConfigurations = (
				0E986CC92479519500F220F1 /* Debug */,
				0E986CCA2479519500F220F1 /* Release */,
			);
			defaultConfigurationIsVisible = 0;
			defaultConfigurationName = Release;
		};
/* End XCConfigurationList section */
	};
	rootObject = 0E986C8D24794BC700F220F1 /* Project object */;
}
